
Microsoft Visual Studio Solution File, Format Version 12.00
# Visual Studio Version 16
VisualStudioVersion = 16.0.29905.134
MinimumVisualStudioVersion = 10.0.40219.1
Project("{FAE04EC0-301F-11D3-BF4B-00C04F79EFBC}") = "TrackerOOT", "TrackerOOT\TrackerOOT.csproj", "{20F88CAF-011B-40C2-85AC-D21255C0876B}"
EndProject
Global
	GlobalSection(SolutionConfigurationPlatforms) = preSolution
		Debug|Any CPU = Debug|Any CPU
		Release|Any CPU = Release|Any CPU
	EndGlobalSection
	GlobalSection(ProjectConfigurationPlatforms) = postSolution
		{20F88CAF-011B-40C2-85AC-D21255C0876B}.Debug|Any CPU.ActiveCfg = Debug|Any CPU
		{20F88CAF-011B-40C2-85AC-D21255C0876B}.Debug|Any CPU.Build.0 = Debug|Any CPU
		{20F88CAF-011B-40C2-85AC-D21255C0876B}.Release|Any CPU.ActiveCfg = Release|Any CPU
		{20F88CAF-011B-40C2-85AC-D21255C0876B}.Release|Any CPU.Build.0 = Release|Any CPU
	EndGlobalSection
	GlobalSection(SolutionProperties) = preSolution
		HideSolutionNode = FALSE
	EndGlobalSection
	GlobalSection(ExtensibilityGlobals) = postSolution
		SolutionGuid = {7387F666-9F73-4DAC-B0C5-172C13630EF4}
	EndGlobalSection
EndGlobal
